
Microsoft Visual Studio Solution File, Format Version 12.00
# Visual Studio Version 17
VisualStudioVersion = 17.8.34330.188
MinimumVisualStudioVersion = 10.0.40219.1
Project("{FAE04EC0-301F-11D3-BF4B-00C04F79EFBC}") = "tree", "tree\tree.csproj", "{FBDF1495-2CE3-4655-BA4E-82F61080FA06}"
EndProject
Global
	GlobalSection(SolutionConfigurationPlatforms) = preSolution
		Debug|Any CPU = Debug|Any CPU
		Release|Any CPU = Release|Any CPU
	EndGlobalSection
	GlobalSection(ProjectConfigurationPlatforms) = postSolution
		{FBDF1495-2CE3-4655-BA4E-82F61080FA06}.Debug|Any CPU.ActiveCfg = Debug|Any CPU
		{FBDF1495-2CE3-4655-BA4E-82F61080FA06}.Debug|Any CPU.Build.0 = Debug|Any CPU
		{FBDF1495-2CE3-4655-BA4E-82F61080FA06}.Release|Any CPU.ActiveCfg = Release|Any CPU
		{FBDF1495-2CE3-4655-BA4E-82F61080FA06}.Release|Any CPU.Build.0 = Release|Any CPU
	EndGlobalSection
	GlobalSection(SolutionProperties) = preSolution
		HideSolutionNode = FALSE
	EndGlobalSection
	GlobalSection(ExtensibilityGlobals) = postSolution
		SolutionGuid = {A61D965E-8E5F-427C-AEE9-CB3777A3C184}
	EndGlobalSection
EndGlobal
